
Microsoft Visual Studio Solution File, Format Version 12.00
# Visual Studio Version 17
VisualStudioVersion = 17.0.31903.59
MinimumVisualStudioVersion = 10.0.40219.1
Project("{FAE04EC0-301F-11D3-BF4B-00C04F79EFBC}") = "auditActiveWindow", "auditActiveWindow\auditActiveWindow.csproj", "{0C8EE860-C131-929D-E368-CB55BBDF69D8}"
EndProject
Project("{2150E333-8FDC-42A3-9474-1A3956D46DE8}") = "Solution Items", "Solution Items", "{8EC462FD-D22E-90A8-E5CE-7E832BA40C5D}"
	ProjectSection(SolutionItems) = preProject
		makeBuild.bat = makeBuild.bat
	EndProjectSection
EndProject
Project("{FAE04EC0-301F-11D3-BF4B-00C04F79EFBC}") = "common", "common\common.csproj", "{E15E491A-E872-91D8-DF7A-CA59C792F064}"
EndProject
Project("{FAE04EC0-301F-11D3-BF4B-00C04F79EFBC}") = "auditorAgent", "auditorAgent\auditorAgent.csproj", "{F5E3AF51-279C-4214-E292-C6615281B130}"
EndProject
Project("{FAE04EC0-301F-11D3-BF4B-00C04F79EFBC}") = "userWatcher", "userWatcher\userWatcher.csproj", "{E91E4FC5-05AD-0F5A-B21E-6DDFCBB50D6A}"
EndProject
Global
	GlobalSection(SolutionConfigurationPlatforms) = preSolution
		Debug|Any CPU = Debug|Any CPU
		Release|Any CPU = Release|Any CPU
	EndGlobalSection
	GlobalSection(ProjectConfigurationPlatforms) = postSolution
		{0C8EE860-C131-929D-E368-CB55BBDF69D8}.Debug|Any CPU.ActiveCfg = Debug|Any CPU
		{0C8EE860-C131-929D-E368-CB55BBDF69D8}.Debug|Any CPU.Build.0 = Debug|Any CPU
		{0C8EE860-C131-929D-E368-CB55BBDF69D8}.Release|Any CPU.ActiveCfg = Release|Any CPU
		{0C8EE860-C131-929D-E368-CB55BBDF69D8}.Release|Any CPU.Build.0 = Release|Any CPU
		{E15E491A-E872-91D8-DF7A-CA59C792F064}.Debug|Any CPU.ActiveCfg = Debug|Any CPU
		{E15E491A-E872-91D8-DF7A-CA59C792F064}.Debug|Any CPU.Build.0 = Debug|Any CPU
		{E15E491A-E872-91D8-DF7A-CA59C792F064}.Release|Any CPU.ActiveCfg = Release|Any CPU
		{E15E491A-E872-91D8-DF7A-CA59C792F064}.Release|Any CPU.Build.0 = Release|Any CPU
		{F5E3AF51-279C-4214-E292-C6615281B130}.Debug|Any CPU.ActiveCfg = Debug|Any CPU
		{F5E3AF51-279C-4214-E292-C6615281B130}.Debug|Any CPU.Build.0 = Debug|Any CPU
		{F5E3AF51-279C-4214-E292-C6615281B130}.Release|Any CPU.ActiveCfg = Release|Any CPU
		{F5E3AF51-279C-4214-E292-C6615281B130}.Release|Any CPU.Build.0 = Release|Any CPU
		{E91E4FC5-05AD-0F5A-B21E-6DDFCBB50D6A}.Debug|Any CPU.ActiveCfg = Debug|Any CPU
		{E91E4FC5-05AD-0F5A-B21E-6DDFCBB50D6A}.Debug|Any CPU.Build.0 = Debug|Any CPU
		{E91E4FC5-05AD-0F5A-B21E-6DDFCBB50D6A}.Release|Any CPU.ActiveCfg = Release|Any CPU
		{E91E4FC5-05AD-0F5A-B21E-6DDFCBB50D6A}.Release|Any CPU.Build.0 = Release|Any CPU
	EndGlobalSection
	GlobalSection(SolutionProperties) = preSolution
		HideSolutionNode = FALSE
	EndGlobalSection
	GlobalSection(ExtensibilityGlobals) = postSolution
		SolutionGuid = {A40FFA63-0895-456A-B3BA-DBA34DF12E91}
	EndGlobalSection
EndGlobal
